
Microsoft Visual Studio Solution File, Format Version 12.00
# Visual Studio Version 16
VisualStudioVersion = 16.0.32510.428
MinimumVisualStudioVersion = 10.0.40219.1
Project("{9A19103F-16F7-4668-BE54-9A1E7A4F7556}") = "GaushalaAPI", "GaushalaAPI\GaushalaAPI.csproj", "{361EF7B6-3571-4A9F-ACCD-358E1424D054}"
EndProject
Global
	GlobalSection(SolutionConfigurationPlatforms) = preSolution
		Debug|Any CPU = Debug|Any CPU
		Release|Any CPU = Release|Any CPU
	EndGlobalSection
	GlobalSection(ProjectConfigurationPlatforms) = postSolution
		{361EF7B6-3571-4A9F-ACCD-358E1424D054}.Debug|Any CPU.ActiveCfg = Debug|Any CPU
		{361EF7B6-3571-4A9F-ACCD-358E1424D054}.Debug|Any CPU.Build.0 = Debug|Any CPU
		{361EF7B6-3571-4A9F-ACCD-358E1424D054}.Release|Any CPU.ActiveCfg = Release|Any CPU
		{361EF7B6-3571-4A9F-ACCD-358E1424D054}.Release|Any CPU.Build.0 = Release|Any CPU
	EndGlobalSection
	GlobalSection(SolutionProperties) = preSolution
		HideSolutionNode = FALSE
	EndGlobalSection
	GlobalSection(ExtensibilityGlobals) = postSolution
		SolutionGuid = {37B5F912-AC15-411C-911E-1EC790EE4658}
	EndGlobalSection
EndGlobal
